// !$*UTF8*$!
{
	archiveVersion = 1;
	classes = {
	};
	objectVersion = 45;
	objects = {

/* Begin PBXBuildFile section */
		1D3623260D0F684500981E51 /* hymnalSqliteAppDelegate.mm in Sources */ = {isa = PBXBuildFile; fileRef = 1D3623250D0F684500981E51 /* hymnalSqliteAppDelegate.mm */; };
		1D60589B0D05DD56006BFB54 /* main.m in Sources */ = {isa = PBXBuildFile; fileRef = 29B97316FDCFA39411CA2CEA /* main.m */; };
		1D60589F0D05DD5A006BFB54 /* Foundation.framework in Frameworks */ = {isa = PBXBuildFile; fileRef = 1D30AB110D05D00D00671497 /* Foundation.framework */; };
		1DF5F4E00D08C38300B7A737 /* UIKit.framework in Frameworks */ = {isa = PBXBuildFile; fileRef = 1DF5F4DF0D08C38300B7A737 /* UIKit.framework */; };
		2892E4100DC94CBA00A64D0F /* CoreGraphics.framework in Frameworks */ = {isa = PBXBuildFile; fileRef = 2892E40F0DC94CBA00A64D0F /* CoreGraphics.framework */; };
		28AD73600D9D9599002E5188 /* MainWindow.xib in Resources */ = {isa = PBXBuildFile; fileRef = 28AD735F0D9D9599002E5188 /* MainWindow.xib */; };
		28C286E10D94DF7D0034E888 /* ByNumberController.mm in Sources */ = {isa = PBXBuildFile; fileRef = 28C286E00D94DF7D0034E888 /* ByNumberController.mm */; };
		373925A312C6567400BABC6A /* ByNumber.png in Resources */ = {isa = PBXBuildFile; fileRef = 373925A112C6567400BABC6A /* ByNumber.png */; };
		373925A412C6567400BABC6A /* ByNumber@2x.png in Resources */ = {isa = PBXBuildFile; fileRef = 373925A212C6567400BABC6A /* ByNumber@2x.png */; };
		373925DA12C65B7000BABC6A /* ByTitle.png in Resources */ = {isa = PBXBuildFile; fileRef = 373925D812C65B7000BABC6A /* ByTitle.png */; };
		373925DB12C65B7000BABC6A /* ByTitle@2x.png in Resources */ = {isa = PBXBuildFile; fileRef = 373925D912C65B7000BABC6A /* ByTitle@2x.png */; };
		3739263012C6881900BABC6A /* ClosedStar@2x.png in Resources */ = {isa = PBXBuildFile; fileRef = 3739262F12C6881900BABC6A /* ClosedStar@2x.png */; };
		3739263212C6882800BABC6A /* OpenStar@2x.png in Resources */ = {isa = PBXBuildFile; fileRef = 3739263112C6882800BABC6A /* OpenStar@2x.png */; };
		37449CE212AB77DE0060771F /* exampleDB.db in Resources */ = {isa = PBXBuildFile; fileRef = 37449CE012AB77DE0060771F /* exampleDB.db */; };
		37449FA812AC31780060771F /* VerseViewController.mm in Sources */ = {isa = PBXBuildFile; fileRef = 37449FA612AC31780060771F /* VerseViewController.mm */; };
		37449FA912AC31780060771F /* VerseViewController.xib in Resources */ = {isa = PBXBuildFile; fileRef = 37449FA712AC31780060771F /* VerseViewController.xib */; };
		3744A05212AC8A170060771F /* Hymnal A Worship Book in Resources */ = {isa = PBXBuildFile; fileRef = 3744A00912AC8A170060771F /* Hymnal A Worship Book */; };
		374612F312D3BF29007A3D6C /* SettingsManager.m in Sources */ = {isa = PBXBuildFile; fileRef = 374612F212D3BF29007A3D6C /* SettingsManager.m */; };
		3746130312D3C8DF007A3D6C /* SettingsViewController.m in Sources */ = {isa = PBXBuildFile; fileRef = 3746130112D3C8DF007A3D6C /* SettingsViewController.m */; };
		3746130412D3C8DF007A3D6C /* SettingsViewController.xib in Resources */ = {isa = PBXBuildFile; fileRef = 3746130212D3C8DF007A3D6C /* SettingsViewController.xib */; };
		37596A0712C46600000AA24E /* HymnListTableViewController.mm in Sources */ = {isa = PBXBuildFile; fileRef = 37596A0512C46600000AA24E /* HymnListTableViewController.mm */; };
		37596A0812C46600000AA24E /* HymnListTableViewController.xib in Resources */ = {isa = PBXBuildFile; fileRef = 37596A0612C46600000AA24E /* HymnListTableViewController.xib */; };
		37596A6D12C47691000AA24E /* ByTitleController.mm in Sources */ = {isa = PBXBuildFile; fileRef = 37596A6C12C47691000AA24E /* ByTitleController.mm */; };
		37596B2012C52661000AA24E /* FavouritesController.mm in Sources */ = {isa = PBXBuildFile; fileRef = 37596B1F12C52661000AA24E /* FavouritesController.mm */; };
		378149C712A2EDB200110CCE /* Hymnal.cpp in Sources */ = {isa = PBXBuildFile; fileRef = 378149C612A2EDB200110CCE /* Hymnal.cpp */; };
		378149D112A2F0ED00110CCE /* libsqlite3.dylib in Frameworks */ = {isa = PBXBuildFile; fileRef = 378149D012A2F0ED00110CCE /* libsqlite3.dylib */; };
		378149DA12A2F8F000110CCE /* Hymn.cpp in Sources */ = {isa = PBXBuildFile; fileRef = 378149D912A2F8F000110CCE /* Hymn.cpp */; };
		378149ED12A4C1AC00110CCE /* DatabaseHelper.cpp in Sources */ = {isa = PBXBuildFile; fileRef = 378149EC12A4C1AC00110CCE /* DatabaseHelper.cpp */; };
		37AF737F12CD933D00B19F55 /* RecentsController.mm in Sources */ = {isa = PBXBuildFile; fileRef = 37AF737E12CD933D00B19F55 /* RecentsController.mm */; };
		37C38E3712C8549100A62E38 /* GoldStarButton.png in Resources */ = {isa = PBXBuildFile; fileRef = 37C38E3612C8549100A62E38 /* GoldStarButton.png */; };
		37EAC98E12AA1B8B007A2EFD /* DatabaseTests.mm in Sources */ = {isa = PBXBuildFile; fileRef = 37EAC98D12AA1B8B007A2EFD /* DatabaseTests.mm */; };
		37F5959412B5541C00A33F3C /* HymnViewController.mm in Sources */ = {isa = PBXBuildFile; fileRef = 37F5959212B5541C00A33F3C /* HymnViewController.mm */; };
		37F5959512B5541C00A33F3C /* HymnViewController.xib in Resources */ = {isa = PBXBuildFile; fileRef = 37F5959312B5541C00A33F3C /* HymnViewController.xib */; };
		37F5983C12B73DEE00A33F3C /* Icon1-iPad.png in Resources */ = {isa = PBXBuildFile; fileRef = 37F5983912B73DEE00A33F3C /* Icon1-iPad.png */; };
		37F5983D12B73DEE00A33F3C /* Icon1.png in Resources */ = {isa = PBXBuildFile; fileRef = 37F5983A12B73DEE00A33F3C /* Icon1.png */; };
		37F5983E12B73DEE00A33F3C /* Icon1@2x.png in Resources */ = {isa = PBXBuildFile; fileRef = 37F5983B12B73DEE00A33F3C /* Icon1@2x.png */; };
		37F5985C12B9BAB700A33F3C /* Icon2-iPad.png in Resources */ = {isa = PBXBuildFile; fileRef = 37F5985912B9BAB700A33F3C /* Icon2-iPad.png */; };
		37F5985D12B9BAB700A33F3C /* Icon2.png in Resources */ = {isa = PBXBuildFile; fileRef = 37F5985A12B9BAB700A33F3C /* Icon2.png */; };
		37F5985E12B9BAB700A33F3C /* Icon2@2x.png in Resources */ = {isa = PBXBuildFile; fileRef = 37F5985B12B9BAB700A33F3C /* Icon2@2x.png */; };
/* End PBXBuildFile section */

/* Begin PBXFileReference section */
		1D30AB110D05D00D00671497 /* Foundation.framework */ = {isa = PBXFileReference; lastKnownFileType = wrapper.framework; name = Foundation.framework; path = System/Library/Frameworks/Foundation.framework; sourceTree = SDKROOT; };
		1D3623240D0F684500981E51 /* hymnalSqliteAppDelegate.h */ = {isa = PBXFileReference; fileEncoding = 4; lastKnownFileType = sourcecode.c.h; path = hymnalSqliteAppDelegate.h; sourceTree = "<group>"; };
		1D3623250D0F684500981E51 /* hymnalSqliteAppDelegate.mm */ = {isa = PBXFileReference; fileEncoding = 4; lastKnownFileType = sourcecode.cpp.objcpp; path = hymnalSqliteAppDelegate.mm; sourceTree = "<group>"; };
		1D6058910D05DD3D006BFB54 /* hymnalSqlite.app */ = {isa = PBXFileReference; explicitFileType = wrapper.application; includeInIndex = 0; path = hymnalSqlite.app; sourceTree = BUILT_PRODUCTS_DIR; };
		1DF5F4DF0D08C38300B7A737 /* UIKit.framework */ = {isa = PBXFileReference; lastKnownFileType = wrapper.framework; name = UIKit.framework; path = System/Library/Frameworks/UIKit.framework; sourceTree = SDKROOT; };
		2892E40F0DC94CBA00A64D0F /* CoreGraphics.framework */ = {isa = PBXFileReference; lastKnownFileType = wrapper.framework; name = CoreGraphics.framework; path = System/Library/Frameworks/CoreGraphics.framework; sourceTree = SDKROOT; };
		28A0AAE50D9B0CCF005BE974 /* hymnalSqlite_Prefix.pch */ = {isa = PBXFileReference; fileEncoding = 4; lastKnownFileType = sourcecode.c.h; path = hymnalSqlite_Prefix.pch; sourceTree = "<group>"; };
		28AD735F0D9D9599002E5188 /* MainWindow.xib */ = {isa = PBXFileReference; lastKnownFileType = file.xib; path = MainWindow.xib; sourceTree = "<group>"; };
		28C286DF0D94DF7D0034E888 /* ByNumberController.h */ = {isa = PBXFileReference; fileEncoding = 4; lastKnownFileType = sourcecode.c.h; path = ByNumberController.h; sourceTree = "<group>"; };
		28C286E00D94DF7D0034E888 /* ByNumberController.mm */ = {isa = PBXFileReference; fileEncoding = 4; lastKnownFileType = sourcecode.cpp.objcpp; path = ByNumberController.mm; sourceTree = "<group>"; };
		29B97316FDCFA39411CA2CEA /* main.m */ = {isa = PBXFileReference; fileEncoding = 4; lastKnownFileType = sourcecode.c.objc; path = main.m; sourceTree = "<group>"; };
		373925A112C6567400BABC6A /* ByNumber.png */ = {isa = PBXFileReference; lastKnownFileType = image.png; name = ByNumber.png; path = ../Artwork/ByNumber.png; sourceTree = SOURCE_ROOT; };
		373925A212C6567400BABC6A /* ByNumber@2x.png */ = {isa = PBXFileReference; lastKnownFileType = image.png; name = "ByNumber@2x.png"; path = "../Artwork/ByNumber@2x.png"; sourceTree = SOURCE_ROOT; };
		373925D812C65B7000BABC6A /* ByTitle.png */ = {isa = PBXFileReference; lastKnownFileType = image.png; name = ByTitle.png; path = ../Artwork/ByTitle.png; sourceTree = SOURCE_ROOT; };
		373925D912C65B7000BABC6A /* ByTitle@2x.png */ = {isa = PBXFileReference; lastKnownFileType = image.png; name = "ByTitle@2x.png"; path = "../Artwork/ByTitle@2x.png"; sourceTree = SOURCE_ROOT; };
		3739262F12C6881900BABC6A /* ClosedStar@2x.png */ = {isa = PBXFileReference; lastKnownFileType = image.png; name = "ClosedStar@2x.png"; path = "../Artwork/ClosedStar@2x.png"; sourceTree = SOURCE_ROOT; };
		3739263112C6882800BABC6A /* OpenStar@2x.png */ = {isa = PBXFileReference; lastKnownFileType = image.png; name = "OpenStar@2x.png"; path = "../Artwork/OpenStar@2x.png"; sourceTree = SOURCE_ROOT; };
		37449CE012AB77DE0060771F /* exampleDB.db */ = {isa = PBXFileReference; lastKnownFileType = file; name = exampleDB.db; path = TestData/exampleDB.db; sourceTree = "<group>"; };
		37449FA512AC31780060771F /* VerseViewController.h */ = {isa = PBXFileReference; fileEncoding = 4; lastKnownFileType = sourcecode.c.h; path = VerseViewController.h; sourceTree = "<group>"; };
		37449FA612AC31780060771F /* VerseViewController.mm */ = {isa = PBXFileReference; fileEncoding = 4; lastKnownFileType = sourcecode.cpp.objcpp; path = VerseViewController.mm; sourceTree = "<group>"; };
		37449FA712AC31780060771F /* VerseViewController.xib */ = {isa = PBXFileReference; lastKnownFileType = file.xib; path = VerseViewController.xib; sourceTree = "<group>"; };
		3744A00912AC8A170060771F /* Hymnal A Worship Book */ = {isa = PBXFileReference; lastKnownFileType = folder; name = "Hymnal A Worship Book"; path = "TestData/Hymnal A Worship Book"; sourceTree = "<group>"; };
		374612F112D3BF29007A3D6C /* SettingsManager.h */ = {isa = PBXFileReference; fileEncoding = 4; lastKnownFileType = sourcecode.c.h; path = SettingsManager.h; sourceTree = "<group>"; };
		374612F212D3BF29007A3D6C /* SettingsManager.m */ = {isa = PBXFileReference; fileEncoding = 4; lastKnownFileType = sourcecode.c.objc; path = SettingsManager.m; sourceTree = "<group>"; };
		3746130012D3C8DF007A3D6C /* SettingsViewController.h */ = {isa = PBXFileReference; fileEncoding = 4; lastKnownFileType = sourcecode.c.h; path = SettingsViewController.h; sourceTree = "<group>"; };
		3746130112D3C8DF007A3D6C /* SettingsViewController.m */ = {isa = PBXFileReference; fileEncoding = 4; lastKnownFileType = sourcecode.c.objc; path = SettingsViewController.m; sourceTree = "<group>"; };
		3746130212D3C8DF007A3D6C /* SettingsViewController.xib */ = {isa = PBXFileReference; lastKnownFileType = file.xib; path = SettingsViewController.xib; sourceTree = "<group>"; };
		37596A0412C46600000AA24E /* HymnListTableViewController.h */ = {isa = PBXFileReference; fileEncoding = 4; lastKnownFileType = sourcecode.c.h; path = HymnListTableViewController.h; sourceTree = "<group>"; };
		37596A0512C46600000AA24E /* HymnListTableViewController.mm */ = {isa = PBXFileReference; fileEncoding = 4; lastKnownFileType = sourcecode.cpp.objcpp; path = HymnListTableViewController.mm; sourceTree = "<group>"; };
		37596A0612C46600000AA24E /* HymnListTableViewController.xib */ = {isa = PBXFileReference; lastKnownFileType = file.xib; path = HymnListTableViewController.xib; sourceTree = "<group>"; };
		37596A6B12C47691000AA24E /* ByTitleController.h */ = {isa = PBXFileReference; fileEncoding = 4; lastKnownFileType = sourcecode.c.h; path = ByTitleController.h; sourceTree = "<group>"; };
		37596A6C12C47691000AA24E /* ByTitleController.mm */ = {isa = PBXFileReference; fileEncoding = 4; lastKnownFileType = sourcecode.cpp.objcpp; path = ByTitleController.mm; sourceTree = "<group>"; };
		37596B1E12C52661000AA24E /* FavouritesController.h */ = {isa = PBXFileReference; fileEncoding = 4; lastKnownFileType = sourcecode.c.h; path = FavouritesController.h; sourceTree = "<group>"; };
		37596B1F12C52661000AA24E /* FavouritesController.mm */ = {isa = PBXFileReference; fileEncoding = 4; lastKnownFileType = sourcecode.cpp.objcpp; path = FavouritesController.mm; sourceTree = "<group>"; };
		378149C512A2EDB200110CCE /* Hymnal.h */ = {isa = PBXFileReference; fileEncoding = 4; lastKnownFileType = sourcecode.c.h; path = Hymnal.h; sourceTree = "<group>"; };
		378149C612A2EDB200110CCE /* Hymnal.cpp */ = {isa = PBXFileReference; fileEncoding = 4; lastKnownFileType = sourcecode.cpp.cpp; path = Hymnal.cpp; sourceTree = "<group>"; };
		378149D012A2F0ED00110CCE /* libsqlite3.dylib */ = {isa = PBXFileReference; lastKnownFileType = "compiled.mach-o.dylib"; name = libsqlite3.dylib; path = usr/lib/libsqlite3.dylib; sourceTree = SDKROOT; };
		378149D812A2F8F000110CCE /* Hymn.h */ = {isa = PBXFileReference; fileEncoding = 4; lastKnownFileType = sourcecode.c.h; path = Hymn.h; sourceTree = "<group>"; };
		378149D912A2F8F000110CCE /* Hymn.cpp */ = {isa = PBXFileReference; fileEncoding = 4; lastKnownFileType = sourcecode.cpp.cpp; path = Hymn.cpp; sourceTree = "<group>"; };
		378149EB12A4C1AC00110CCE /* DatabaseHelper.h */ = {isa = PBXFileReference; fileEncoding = 4; lastKnownFileType = sourcecode.c.h; path = DatabaseHelper.h; sourceTree = "<group>"; };
		378149EC12A4C1AC00110CCE /* DatabaseHelper.cpp */ = {isa = PBXFileReference; fileEncoding = 4; lastKnownFileType = sourcecode.cpp.cpp; path = DatabaseHelper.cpp; sourceTree = "<group>"; };
		37AF737D12CD933D00B19F55 /* RecentsController.h */ = {isa = PBXFileReference; fileEncoding = 4; lastKnownFileType = sourcecode.c.h; path = RecentsController.h; sourceTree = "<group>"; };
		37AF737E12CD933D00B19F55 /* RecentsController.mm */ = {isa = PBXFileReference; fileEncoding = 4; lastKnownFileType = sourcecode.cpp.objcpp; path = RecentsController.mm; sourceTree = "<group>"; };
		37C38E3612C8549100A62E38 /* GoldStarButton.png */ = {isa = PBXFileReference; lastKnownFileType = image.png; name = GoldStarButton.png; path = ../Artwork/GoldStarButton.png; sourceTree = SOURCE_ROOT; };
		37EAC98712AA1B18007A2EFD /* DatabaseTests.octest */ = {isa = PBXFileReference; explicitFileType = wrapper.cfbundle; includeInIndex = 0; path = DatabaseTests.octest; sourceTree = BUILT_PRODUCTS_DIR; };
		37EAC98812AA1B18007A2EFD /* DatabaseTests-Info.plist */ = {isa = PBXFileReference; lastKnownFileType = text.plist.xml; path = "DatabaseTests-Info.plist"; sourceTree = "<group>"; };
		37EAC98C12AA1B8B007A2EFD /* DatabaseTests.h */ = {isa = PBXFileReference; fileEncoding = 4; lastKnownFileType = sourcecode.c.h; name = DatabaseTests.h; path = Tests/DatabaseTests.h; sourceTree = "<group>"; };
		37EAC98D12AA1B8B007A2EFD /* DatabaseTests.mm */ = {isa = PBXFileReference; fileEncoding = 4; lastKnownFileType = sourcecode.cpp.objcpp; name = DatabaseTests.mm; path = Tests/DatabaseTests.mm; sourceTree = "<group>"; };
		37F5959112B5541C00A33F3C /* HymnViewController.h */ = {isa = PBXFileReference; fileEncoding = 4; lastKnownFileType = sourcecode.c.h; path = HymnViewController.h; sourceTree = "<group>"; };
		37F5959212B5541C00A33F3C /* HymnViewController.mm */ = {isa = PBXFileReference; fileEncoding = 4; lastKnownFileType = sourcecode.cpp.objcpp; path = HymnViewController.mm; sourceTree = "<group>"; };
		37F5959312B5541C00A33F3C /* HymnViewController.xib */ = {isa = PBXFileReference; lastKnownFileType = file.xib; path = HymnViewController.xib; sourceTree = "<group>"; };
		37F5983912B73DEE00A33F3C /* Icon1-iPad.png */ = {isa = PBXFileReference; lastKnownFileType = image.png; name = "Icon1-iPad.png"; path = "../Artwork/Icon1-iPad.png"; sourceTree = SOURCE_ROOT; };
		37F5983A12B73DEE00A33F3C /* Icon1.png */ = {isa = PBXFileReference; lastKnownFileType = image.png; name = Icon1.png; path = ../Artwork/Icon1.png; sourceTree = SOURCE_ROOT; };
		37F5983B12B73DEE00A33F3C /* Icon1@2x.png */ = {isa = PBXFileReference; lastKnownFileType = image.png; name = "Icon1@2x.png"; path = "../Artwork/Icon1@2x.png"; sourceTree = SOURCE_ROOT; };
		37F5985912B9BAB700A33F3C /* Icon2-iPad.png */ = {isa = PBXFileReference; lastKnownFileType = image.png; name = "Icon2-iPad.png"; path = "../Artwork/Icon2-iPad.png"; sourceTree = SOURCE_ROOT; };
		37F5985A12B9BAB700A33F3C /* Icon2.png */ = {isa = PBXFileReference; lastKnownFileType = image.png; name = Icon2.png; path = ../Artwork/Icon2.png; sourceTree = SOURCE_ROOT; };
		37F5985B12B9BAB700A33F3C /* Icon2@2x.png */ = {isa = PBXFileReference; lastKnownFileType = image.png; name = "Icon2@2x.png"; path = "../Artwork/Icon2@2x.png"; sourceTree = SOURCE_ROOT; };
		8D1107310486CEB800E47090 /* hymnalSqlite-Info.plist */ = {isa = PBXFileReference; fileEncoding = 4; lastKnownFileType = text.plist.xml; path = "hymnalSqlite-Info.plist"; plistStructureDefinitionIdentifier = "com.apple.xcode.plist.structure-definition.iphone.info-plist"; sourceTree = "<group>"; };
/* End PBXFileReference section */

/* Begin PBXFrameworksBuildPhase section */
		1D60588F0D05DD3D006BFB54 /* Frameworks */ = {
			isa = PBXFrameworksBuildPhase;
			buildActionMask = 2147483647;
			files = (
				1D60589F0D05DD5A006BFB54 /* Foundation.framework in Frameworks */,
				1DF5F4E00D08C38300B7A737 /* UIKit.framework in Frameworks */,
				2892E4100DC94CBA00A64D0F /* CoreGraphics.framework in Frameworks */,
				378149D112A2F0ED00110CCE /* libsqlite3.dylib in Frameworks */,
			);
			runOnlyForDeploymentPostprocessing = 0;
		};
		37EAC98412AA1B18007A2EFD /* Frameworks */ = {
			isa = PBXFrameworksBuildPhase;
			buildActionMask = 2147483647;
			files = (
			);
			runOnlyForDeploymentPostprocessing = 0;
		};
/* End PBXFrameworksBuildPhase section */

/* Begin PBXGroup section */
		080E96DDFE201D6D7F000001 /* Classes */ = {
			isa = PBXGroup;
			children = (
				3781499A12A2E72900110CCE /* Model */,
				28C286DF0D94DF7D0034E888 /* ByNumberController.h */,
				28C286E00D94DF7D0034E888 /* ByNumberController.mm */,
				37596A6B12C47691000AA24E /* ByTitleController.h */,
				37596A6C12C47691000AA24E /* ByTitleController.mm */,
				1D3623240D0F684500981E51 /* hymnalSqliteAppDelegate.h */,
				1D3623250D0F684500981E51 /* hymnalSqliteAppDelegate.mm */,
				37449FA512AC31780060771F /* VerseViewController.h */,
				37449FA612AC31780060771F /* VerseViewController.mm */,
				37F5959112B5541C00A33F3C /* HymnViewController.h */,
				37F5959212B5541C00A33F3C /* HymnViewController.mm */,
				37596A0412C46600000AA24E /* HymnListTableViewController.h */,
				37596A0512C46600000AA24E /* HymnListTableViewController.mm */,
				37596B1E12C52661000AA24E /* FavouritesController.h */,
				37596B1F12C52661000AA24E /* FavouritesController.mm */,
				37AF737D12CD933D00B19F55 /* RecentsController.h */,
				37AF737E12CD933D00B19F55 /* RecentsController.mm */,
				3746130012D3C8DF007A3D6C /* SettingsViewController.h */,
				3746130112D3C8DF007A3D6C /* SettingsViewController.m */,
			);
			path = Classes;
			sourceTree = "<group>";
		};
		19C28FACFE9D520D11CA2CBB /* Products */ = {
			isa = PBXGroup;
			children = (
				1D6058910D05DD3D006BFB54 /* hymnalSqlite.app */,
				37EAC98712AA1B18007A2EFD /* DatabaseTests.octest */,
			);
			name = Products;
			sourceTree = "<group>";
		};
		29B97314FDCFA39411CA2CEA /* CustomTemplate */ = {
			isa = PBXGroup;
			children = (
				37449CDF12AB77C00060771F /* TestData */,
				37EAC92412AA1327007A2EFD /* Tests */,
				080E96DDFE201D6D7F000001 /* Classes */,
				29B97315FDCFA39411CA2CEA /* Other Sources */,
				29B97317FDCFA39411CA2CEA /* Resources */,
				29B97323FDCFA39411CA2CEA /* Frameworks */,
				19C28FACFE9D520D11CA2CBB /* Products */,
				37EAC98812AA1B18007A2EFD /* DatabaseTests-Info.plist */,
			);
			name = CustomTemplate;
			sourceTree = "<group>";
		};
		29B97315FDCFA39411CA2CEA /* Other Sources */ = {
			isa = PBXGroup;
			children = (
				28A0AAE50D9B0CCF005BE974 /* hymnalSqlite_Prefix.pch */,
				29B97316FDCFA39411CA2CEA /* main.m */,
			);
			name = "Other Sources";
			sourceTree = "<group>";
		};
		29B97317FDCFA39411CA2CEA /* Resources */ = {
			isa = PBXGroup;
			children = (
				37F5983812B73DDA00A33F3C /* Artwork */,
				3744A00912AC8A170060771F /* Hymnal A Worship Book */,
				37449FA712AC31780060771F /* VerseViewController.xib */,
				3746130212D3C8DF007A3D6C /* SettingsViewController.xib */,
				37F5959312B5541C00A33F3C /* HymnViewController.xib */,
				37596A0612C46600000AA24E /* HymnListTableViewController.xib */,
				28AD735F0D9D9599002E5188 /* MainWindow.xib */,
				8D1107310486CEB800E47090 /* hymnalSqlite-Info.plist */,
			);
			name = Resources;
			sourceTree = "<group>";
		};
		29B97323FDCFA39411CA2CEA /* Frameworks */ = {
			isa = PBXGroup;
			children = (
				1DF5F4DF0D08C38300B7A737 /* UIKit.framework */,
				1D30AB110D05D00D00671497 /* Foundation.framework */,
				2892E40F0DC94CBA00A64D0F /* CoreGraphics.framework */,
				378149D012A2F0ED00110CCE /* libsqlite3.dylib */,
			);
			name = Frameworks;
			sourceTree = "<group>";
		};
		37449CDF12AB77C00060771F /* TestData */ = {
			isa = PBXGroup;
			children = (
				37449CE012AB77DE0060771F /* exampleDB.db */,
			);
			name = TestData;
			sourceTree = "<group>";
		};
		3781499A12A2E72900110CCE /* Model */ = {
			isa = PBXGroup;
			children = (
				378149C512A2EDB200110CCE /* Hymnal.h */,
				378149C612A2EDB200110CCE /* Hymnal.cpp */,
				378149D812A2F8F000110CCE /* Hymn.h */,
				378149D912A2F8F000110CCE /* Hymn.cpp */,
				378149EB12A4C1AC00110CCE /* DatabaseHelper.h */,
				378149EC12A4C1AC00110CCE /* DatabaseHelper.cpp */,
				374612F112D3BF29007A3D6C /* SettingsManager.h */,
				374612F212D3BF29007A3D6C /* SettingsManager.m */,
			);
			name = Model;
			path = ../../Common/Model;
			sourceTree = "<group>";
		};
		37EAC92412AA1327007A2EFD /* Tests */ = {
			isa = PBXGroup;
			children = (
				37EAC98C12AA1B8B007A2EFD /* DatabaseTests.h */,
				37EAC98D12AA1B8B007A2EFD /* DatabaseTests.mm */,
			);
			name = Tests;
			sourceTree = "<group>";
		};
		37F5983812B73DDA00A33F3C /* Artwork */ = {
			isa = PBXGroup;
			children = (
				37C38E3612C8549100A62E38 /* GoldStarButton.png */,
				3739263112C6882800BABC6A /* OpenStar@2x.png */,
				3739262F12C6881900BABC6A /* ClosedStar@2x.png */,
				373925D812C65B7000BABC6A /* ByTitle.png */,
				373925D912C65B7000BABC6A /* ByTitle@2x.png */,
				373925A112C6567400BABC6A /* ByNumber.png */,
				373925A212C6567400BABC6A /* ByNumber@2x.png */,
				37F5985912B9BAB700A33F3C /* Icon2-iPad.png */,
				37F5985A12B9BAB700A33F3C /* Icon2.png */,
				37F5985B12B9BAB700A33F3C /* Icon2@2x.png */,
				37F5983912B73DEE00A33F3C /* Icon1-iPad.png */,
				37F5983A12B73DEE00A33F3C /* Icon1.png */,
				37F5983B12B73DEE00A33F3C /* Icon1@2x.png */,
			);
			name = Artwork;
			sourceTree = "<group>";
		};
/* End PBXGroup section */

/* Begin PBXNativeTarget section */
		1D6058900D05DD3D006BFB54 /* hymnalSqlite */ = {
			isa = PBXNativeTarget;
			buildConfigurationList = 1D6058960D05DD3E006BFB54 /* Build configuration list for PBXNativeTarget "hymnalSqlite" */;
			buildPhases = (
				1D60588D0D05DD3D006BFB54 /* Resources */,
				1D60588E0D05DD3D006BFB54 /* Sources */,
				1D60588F0D05DD3D006BFB54 /* Frameworks */,
				37B07D7812D4E20900722C4B /* ShellScript */,
			);
			buildRules = (
			);
			dependencies = (
			);
			name = hymnalSqlite;
			productName = hymnalSqlite;
			productReference = 1D6058910D05DD3D006BFB54 /* hymnalSqlite.app */;
			productType = "com.apple.product-type.application";
		};
		37EAC98612AA1B18007A2EFD /* DatabaseTests */ = {
			isa = PBXNativeTarget;
			buildConfigurationList = 37EAC98B12AA1B19007A2EFD /* Build configuration list for PBXNativeTarget "DatabaseTests" */;
			buildPhases = (
				37EAC98212AA1B18007A2EFD /* Resources */,
				37EAC98312AA1B18007A2EFD /* Sources */,
				37EAC98412AA1B18007A2EFD /* Frameworks */,
				37EAC98512AA1B18007A2EFD /* ShellScript */,
			);
			buildRules = (
			);
			dependencies = (
			);
			name = DatabaseTests;
			productName = DatabaseTests;
			productReference = 37EAC98712AA1B18007A2EFD /* DatabaseTests.octest */;
			productType = "com.apple.product-type.bundle";
		};
/* End PBXNativeTarget section */

/* Begin PBXProject section */
		29B97313FDCFA39411CA2CEA /* Project object */ = {
			isa = PBXProject;
			buildConfigurationList = C01FCF4E08A954540054247B /* Build configuration list for PBXProject "hymnalSqlite" */;
			compatibilityVersion = "Xcode 3.1";
			developmentRegion = English;
			hasScannedForEncodings = 1;
			knownRegions = (
				English,
				Japanese,
				French,
				German,
				en,
			);
			mainGroup = 29B97314FDCFA39411CA2CEA /* CustomTemplate */;
			projectDirPath = "";
			projectRoot = "";
			targets = (
				1D6058900D05DD3D006BFB54 /* hymnalSqlite */,
				37EAC98612AA1B18007A2EFD /* DatabaseTests */,
			);
		};
/* End PBXProject section */

/* Begin PBXResourcesBuildPhase section */
		1D60588D0D05DD3D006BFB54 /* Resources */ = {
			isa = PBXResourcesBuildPhase;
			buildActionMask = 2147483647;
			files = (
				28AD73600D9D9599002E5188 /* MainWindow.xib in Resources */,
				37449CE212AB77DE0060771F /* exampleDB.db in Resources */,
				37449FA912AC31780060771F /* VerseViewController.xib in Resources */,
				3744A05212AC8A170060771F /* Hymnal A Worship Book in Resources */,
				37F5959512B5541C00A33F3C /* HymnViewController.xib in Resources */,
				37F5983C12B73DEE00A33F3C /* Icon1-iPad.png in Resources */,
				37F5983D12B73DEE00A33F3C /* Icon1.png in Resources */,
				37F5983E12B73DEE00A33F3C /* Icon1@2x.png in Resources */,
				37F5985C12B9BAB700A33F3C /* Icon2-iPad.png in Resources */,
				37F5985D12B9BAB700A33F3C /* Icon2.png in Resources */,
				37F5985E12B9BAB700A33F3C /* Icon2@2x.png in Resources */,
				37596A0812C46600000AA24E /* HymnListTableViewController.xib in Resources */,
				373925A312C6567400BABC6A /* ByNumber.png in Resources */,
				373925A412C6567400BABC6A /* ByNumber@2x.png in Resources */,
				373925DA12C65B7000BABC6A /* ByTitle.png in Resources */,
				373925DB12C65B7000BABC6A /* ByTitle@2x.png in Resources */,
				3739263012C6881900BABC6A /* ClosedStar@2x.png in Resources */,
				3739263212C6882800BABC6A /* OpenStar@2x.png in Resources */,
				37C38E3712C8549100A62E38 /* GoldStarButton.png in Resources */,
				3746130412D3C8DF007A3D6C /* SettingsViewController.xib in Resources */,
			);
			runOnlyForDeploymentPostprocessing = 0;
		};
		37EAC98212AA1B18007A2EFD /* Resources */ = {
			isa = PBXResourcesBuildPhase;
			buildActionMask = 2147483647;
			files = (
			);
			runOnlyForDeploymentPostprocessing = 0;
		};
/* End PBXResourcesBuildPhase section */

/* Begin PBXShellScriptBuildPhase section */
		37B07D7812D4E20900722C4B /* ShellScript */ = {
			isa = PBXShellScriptBuildPhase;
			buildActionMask = 2147483647;
			files = (
			);
			inputPaths = (
			);
			outputPaths = (
			);
			runOnlyForDeploymentPostprocessing = 0;
			shellPath = /bin/sh;
			shellScript = "export CODESIGN_ALLOCATE=/Developer/Platforms/iPhoneOS.platform/Developer/usr/bin/codesign_allocate\nif [ \"${PLATFORM_NAME}\" == \"iphoneos\" ]; then\n/Developer/iphoneentitlements401/gen_entitlements.py \"my.company.${PROJECT_NAME}\" \"${BUILT_PRODUCTS_DIR}/${WRAPPER_NAME}/${PROJECT_NAME}.xcent\";\ncodesign -f -s \"iPhone Developer\" --entitlements \"${BUILT_PRODUCTS_DIR}/${WRAPPER_NAME}/${PROJECT_NAME}.xcent\" \"${BUILT_PRODUCTS_DIR}/${WRAPPER_NAME}/\"\nfi";
		};
		37EAC98512AA1B18007A2EFD /* ShellScript */ = {
			isa = PBXShellScriptBuildPhase;
			buildActionMask = 2147483647;
			files = (
			);
			inputPaths = (
			);
			outputPaths = (
			);
			runOnlyForDeploymentPostprocessing = 0;
			shellPath = /bin/sh;
			shellScript = "# Run the unit tests in this test bundle.\n\"${SYSTEM_DEVELOPER_DIR}/Tools/RunUnitTests\"\n";
		};
/* End PBXShellScriptBuildPhase section */

/* Begin PBXSourcesBuildPhase section */
		1D60588E0D05DD3D006BFB54 /* Sources */ = {
			isa = PBXSourcesBuildPhase;
			buildActionMask = 2147483647;
			files = (
				1D60589B0D05DD56006BFB54 /* main.m in Sources */,
				1D3623260D0F684500981E51 /* hymnalSqliteAppDelegate.mm in Sources */,
				28C286E10D94DF7D0034E888 /* ByNumberController.mm in Sources */,
				378149C712A2EDB200110CCE /* Hymnal.cpp in Sources */,
				378149DA12A2F8F000110CCE /* Hymn.cpp in Sources */,
				378149ED12A4C1AC00110CCE /* DatabaseHelper.cpp in Sources */,
				37449FA812AC31780060771F /* VerseViewController.mm in Sources */,
				37F5959412B5541C00A33F3C /* HymnViewController.mm in Sources */,
				37596A0712C46600000AA24E /* HymnListTableViewController.mm in Sources */,
				37596A6D12C47691000AA24E /* ByTitleController.mm in Sources */,
				37596B2012C52661000AA24E /* FavouritesController.mm in Sources */,
				37AF737F12CD933D00B19F55 /* RecentsController.mm in Sources */,
				374612F312D3BF29007A3D6C /* SettingsManager.m in Sources */,
				3746130312D3C8DF007A3D6C /* SettingsViewController.m in Sources */,
			);
			runOnlyForDeploymentPostprocessing = 0;
		};
		37EAC98312AA1B18007A2EFD /* Sources */ = {
			isa = PBXSourcesBuildPhase;
			buildActionMask = 2147483647;
			files = (
				37EAC98E12AA1B8B007A2EFD /* DatabaseTests.mm in Sources */,
			);
			runOnlyForDeploymentPostprocessing = 0;
		};
/* End PBXSourcesBuildPhase section */

/* Begin XCBuildConfiguration section */
		1D6058940D05DD3E006BFB54 /* Debug */ = {
			isa = XCBuildConfiguration;
			buildSettings = {
				ALWAYS_SEARCH_USER_PATHS = NO;
				COPY_PHASE_STRIP = NO;
				FRAMEWORK_SEARCH_PATHS = (
					"$(inherited)",
					"\"$(DEVELOPER_FRAMEWORKS_DIR)\"",
					"\"$(DEVELOPER_DIR)/Platforms/iPhoneSimulator.platform/Developer/SDKs/iPhoneSimulator4.0.sdk/Developer/Library/Frameworks\"",
				);
				GCC_DYNAMIC_NO_PIC = NO;
				GCC_OPTIMIZATION_LEVEL = 0;
				GCC_PRECOMPILE_PREFIX_HEADER = YES;
				GCC_PREFIX_HEADER = hymnalSqlite_Prefix.pch;
				INFOPLIST_FILE = "hymnalSqlite-Info.plist";
				PRODUCT_NAME = hymnalSqlite;
			};
			name = Debug;
		};
		1D6058950D05DD3E006BFB54 /* Release */ = {
			isa = XCBuildConfiguration;
			buildSettings = {
				ALWAYS_SEARCH_USER_PATHS = NO;
				COPY_PHASE_STRIP = YES;
				FRAMEWORK_SEARCH_PATHS = (
					"$(inherited)",
					"\"$(DEVELOPER_FRAMEWORKS_DIR)\"",
					"\"$(DEVELOPER_DIR)/Platforms/iPhoneSimulator.platform/Developer/SDKs/iPhoneSimulator4.0.sdk/Developer/Library/Frameworks\"",
				);
				GCC_PRECOMPILE_PREFIX_HEADER = YES;
				GCC_PREFIX_HEADER = hymnalSqlite_Prefix.pch;
				INFOPLIST_FILE = "hymnalSqlite-Info.plist";
				PRODUCT_NAME = hymnalSqlite;
				VALIDATE_PRODUCT = YES;
			};
			name = Release;
		};
		37EAC98912AA1B19007A2EFD /* Debug */ = {
			isa = XCBuildConfiguration;
			buildSettings = {
				ALWAYS_SEARCH_USER_PATHS = NO;
				"CODE_SIGN_IDENTITY[sdk=iphoneos*]" = "";
				COPY_PHASE_STRIP = NO;
				FRAMEWORK_SEARCH_PATHS = (
					"\"$(SDKROOT)/Developer/Library/Frameworks\"",
					"\"$(DEVELOPER_LIBRARY_DIR)/Frameworks\"",
				);
				GCC_DYNAMIC_NO_PIC = NO;
				GCC_ENABLE_FIX_AND_CONTINUE = NO;
				GCC_ENABLE_OBJC_EXCEPTIONS = YES;
				GCC_OPTIMIZATION_LEVEL = 0;
				INFOPLIST_FILE = "DatabaseTests-Info.plist";
				OTHER_LDFLAGS = (
					"-framework",
					Foundation,
					"-framework",
					SenTestingKit,
					"-framework",
					UIKit,
				);
				PREBINDING = NO;
				PRODUCT_NAME = DatabaseTests;
				WRAPPER_EXTENSION = octest;
			};
			name = Debug;
		};
		37EAC98A12AA1B19007A2EFD /* Release */ = {
			isa = XCBuildConfiguration;
			buildSettings = {
				ALWAYS_SEARCH_USER_PATHS = NO;
				"CODE_SIGN_IDENTITY[sdk=iphoneos*]" = "";
				COPY_PHASE_STRIP = YES;
				DEBUG_INFORMATION_FORMAT = "dwarf-with-dsym";
				FRAMEWORK_SEARCH_PATHS = (
					"\"$(SDKROOT)/Developer/Library/Frameworks\"",
					"\"$(DEVELOPER_LIBRARY_DIR)/Frameworks\"",
				);
				GCC_ENABLE_FIX_AND_CONTINUE = NO;
				GCC_ENABLE_OBJC_EXCEPTIONS = YES;
				INFOPLIST_FILE = "DatabaseTests-Info.plist";
				OTHER_LDFLAGS = (
					"-framework",
					Foundation,
					"-framework",
					SenTestingKit,
					"-framework",
					UIKit,
				);
				PREBINDING = NO;
				PRODUCT_NAME = DatabaseTests;
				WRAPPER_EXTENSION = octest;
				ZERO_LINK = NO;
			};
			name = Release;
		};
		C01FCF4F08A954540054247B /* Debug */ = {
			isa = XCBuildConfiguration;
			buildSettings = {
				ARCHS = "$(ARCHS_STANDARD_32_BIT)";
				"CODE_SIGN_IDENTITY[sdk=iphoneos*]" = "iPhone Developer";
				GCC_C_LANGUAGE_STANDARD = c99;
				GCC_WARN_ABOUT_RETURN_TYPE = YES;
				GCC_WARN_UNUSED_VARIABLE = YES;
				PREBINDING = NO;
				SDKROOT = iphoneos4.0;
			};
			name = Debug;
		};
		C01FCF5008A954540054247B /* Release */ = {
			isa = XCBuildConfiguration;
			buildSettings = {
				ARCHS = "$(ARCHS_STANDARD_32_BIT)";
				"CODE_SIGN_IDENTITY[sdk=iphoneos*]" = "Don't Code Sign";
				GCC_C_LANGUAGE_STANDARD = c99;
				GCC_WARN_ABOUT_RETURN_TYPE = YES;
				GCC_WARN_UNUSED_VARIABLE = YES;
				OTHER_CFLAGS = "-DNS_BLOCK_ASSERTIONS=1";
				PREBINDING = NO;
				SDKROOT = iphoneos4.0;
			};
			name = Release;
		};
/* End XCBuildConfiguration section */

/* Begin XCConfigurationList section */
		1D6058960D05DD3E006BFB54 /* Build configuration list for PBXNativeTarget "hymnalSqlite" */ = {
			isa = XCConfigurationList;
			buildConfigurations = (
				1D6058940D05DD3E006BFB54 /* Debug */,
				1D6058950D05DD3E006BFB54 /* Release */,
			);
			defaultConfigurationIsVisible = 0;
			defaultConfigurationName = Release;
		};
		37EAC98B12AA1B19007A2EFD /* Build configuration list for PBXNativeTarget "DatabaseTests" */ = {
			isa = XCConfigurationList;
			buildConfigurations = (
				37EAC98912AA1B19007A2EFD /* Debug */,
				37EAC98A12AA1B19007A2EFD /* Release */,
			);
			defaultConfigurationIsVisible = 0;
			defaultConfigurationName = Release;
		};
		C01FCF4E08A954540054247B /* Build configuration list for PBXProject "hymnalSqlite" */ = {
			isa = XCConfigurationList;
			buildConfigurations = (
				C01FCF4F08A954540054247B /* Debug */,
				C01FCF5008A954540054247B /* Release */,
			);
			defaultConfigurationIsVisible = 0;
			defaultConfigurationName = Release;
		};
/* End XCConfigurationList section */
	};
	rootObject = 29B97313FDCFA39411CA2CEA /* Project object */;
}
